# This file is automatically @generated by Cargo.
# It is not intended for manual editing.
version = 3

[[package]]
name = "bitflags"
version = "2.5.0"
source = "registry+https://github.com/rust-lang/crates.io-index"
checksum = "cf4b9d6a944f767f8e5e0db018570623c85f3d925ac718db4e06d0187adb21c1"

[[package]]
name = "bumpalo"
version = "3.16.0"
source = "registry+https://github.com/rust-lang/crates.io-index"
checksum = "79296716171880943b8470b5f8d03aa55eb2e645a4874bdbb28adb49162e012c"

[[package]]
name = "component"
version = "0.0.0"
dependencies = [
 "wat",
 "wit-bindgen-rt",
]

[[package]]
name = "leb128"
version = "0.2.5"
source = "registry+https://github.com/rust-lang/crates.io-index"
checksum = "884e2677b40cc8c339eaefcb701c32ef1fd2493d71118dc0ca4b6a736c93bd67"

[[package]]
name = "memchr"
version = "2.7.2"
source = "registry+https://github.com/rust-lang/crates.io-index"
checksum = "6c8640c5d730cb13ebd907d8d04b52f55ac9a2eec55b440c8892f40d56c76c1d"

[[package]]
name = "unicode-width"
version = "0.1.13"
source = "registry+https://github.com/rust-lang/crates.io-index"
checksum = "0336d538f7abc86d282a4189614dfaa90810dfc2c6f6427eaf88e16311dd225d"

[[package]]
name = "wasm-encoder"
version = "0.209.1"
dependencies = [
 "leb128",
]

[[package]]
name = "wast"
version = "209.0.1"
dependencies = [
 "bumpalo",
 "leb128",
 "memchr",
 "unicode-width",
 "wasm-encoder",
]

[[package]]
name = "wat"
version = "1.209.1"
dependencies = [
 "wast",
]

[[package]]
name = "wit-bindgen-rt"
version = "0.26.0"
source = "registry+https://github.com/rust-lang/crates.io-index"
checksum = "29c7526379ace8709ee9ab9f2bb50f112d95581063a59ef3097d9c10153886c9"
dependencies = [
 "bitflags",
]
