{
  "name": "playground",
  "lockfileVersion": 3,
  "requires": true,
  "packages": {
    "": {
      "dependencies": {
        "@bytecodealliance/jco": "^1.2.4",
        "esbuild": "^0.21.4",
        "typescript": "^5.4.5"
      }
    },
    "node_modules/@bytecodealliance/jco": {
      "version": "1.2.4",
      "resolved": "https://registry.npmjs.org/@bytecodealliance/jco/-/jco-1.2.4.tgz",
      "integrity": "sha512-uuOm9UkYqWp5uElYDNzlhjbdrAmczEvETgQdI1hFTk79h+mrmHPRV32pgRP5o1eHVwMIpuk4XQkDIhFbksurUw==",
      "dependencies": {
        "@bytecodealliance/preview2-shim": "^0.16.2",
        "binaryen": "^116.0.0",
        "chalk-template": "^1",
        "commander": "^12",
        "mkdirp": "^3",
        "ora": "^8",
        "terser": "^5"
      },
      "bin": {
        "jco": "src/jco.js"
      }
    },
    "node_modules/@bytecodealliance/preview2-shim": {
      "version": "0.16.2",
      "resolved": "https://registry.npmjs.org/@bytecodealliance/preview2-shim/-/preview2-shim-0.16.2.tgz",
      "integrity": "sha512-36MwesmbLSf3Y5/OHcS85iBaF0N92CQ4gpjtDVKSbrjxmrBKCWlWVfoQ03F/cqDg8k5K7pzVaVBH0XBIbTCfTQ=="
    },
    "node_modules/@esbuild/aix-ppc64": {
      "version": "0.21.4",
      "resolved": "https://registry.npmjs.org/@esbuild/aix-ppc64/-/aix-ppc64-0.21.4.tgz",
      "integrity": "sha512-Zrm+B33R4LWPLjDEVnEqt2+SLTATlru1q/xYKVn8oVTbiRBGmK2VIMoIYGJDGyftnGaC788IuzGFAlb7IQ0Y8A==",
      "cpu": [
        "ppc64"
      ],
      "optional": true,
      "os": [
        "aix"
      ],
      "engines": {
        "node": ">=12"
      }
    },
    "node_modules/@esbuild/android-arm": {
      "version": "0.21.4",
      "resolved": "https://registry.npmjs.org/@esbuild/android-arm/-/android-arm-0.21.4.tgz",
      "integrity": "sha512-E7H/yTd8kGQfY4z9t3nRPk/hrhaCajfA3YSQSBrst8B+3uTcgsi8N+ZWYCaeIDsiVs6m65JPCaQN/DxBRclF3A==",
      "cpu": [
        "arm"
      ],
      "optional": true,
      "os": [
        "android"
      ],
      "engines": {
        "node": ">=12"
      }
    },
    "node_modules/@esbuild/android-arm64": {
      "version": "0.21.4",
      "resolved": "https://registry.npmjs.org/@esbuild/android-arm64/-/android-arm64-0.21.4.tgz",
      "integrity": "sha512-fYFnz+ObClJ3dNiITySBUx+oNalYUT18/AryMxfovLkYWbutXsct3Wz2ZWAcGGppp+RVVX5FiXeLYGi97umisA==",
      "cpu": [
        "arm64"
      ],
      "optional": true,
      "os": [
        "android"
      ],
      "engines": {
        "node": ">=12"
      }
    },
    "node_modules/@esbuild/android-x64": {
      "version": "0.21.4",
      "resolved": "https://registry.npmjs.org/@esbuild/android-x64/-/android-x64-0.21.4.tgz",
      "integrity": "sha512-mDqmlge3hFbEPbCWxp4fM6hqq7aZfLEHZAKGP9viq9wMUBVQx202aDIfc3l+d2cKhUJM741VrCXEzRFhPDKH3Q==",
      "cpu": [
        "x64"
      ],
      "optional": true,
      "os": [
        "android"
      ],
      "engines": {
        "node": ">=12"
      }
    },
    "node_modules/@esbuild/darwin-arm64": {
      "version": "0.21.4",
      "resolved": "https://registry.npmjs.org/@esbuild/darwin-arm64/-/darwin-arm64-0.21.4.tgz",
      "integrity": "sha512-72eaIrDZDSiWqpmCzVaBD58c8ea8cw/U0fq/PPOTqE3c53D0xVMRt2ooIABZ6/wj99Y+h4ksT/+I+srCDLU9TA==",
      "cpu": [
        "arm64"
      ],
      "optional": true,
      "os": [
        "darwin"
      ],
      "engines": {
        "node": ">=12"
      }
    },
    "node_modules/@esbuild/darwin-x64": {
      "version": "0.21.4",
      "resolved": "https://registry.npmjs.org/@esbuild/darwin-x64/-/darwin-x64-0.21.4.tgz",
      "integrity": "sha512-uBsuwRMehGmw1JC7Vecu/upOjTsMhgahmDkWhGLWxIgUn2x/Y4tIwUZngsmVb6XyPSTXJYS4YiASKPcm9Zitag==",
      "cpu": [
        "x64"
      ],
      "optional": true,
      "os": [
        "darwin"
      ],
      "engines": {
        "node": ">=12"
      }
    },
    "node_modules/@esbuild/freebsd-arm64": {
      "version": "0.21.4",
      "resolved": "https://registry.npmjs.org/@esbuild/freebsd-arm64/-/freebsd-arm64-0.21.4.tgz",
      "integrity": "sha512-8JfuSC6YMSAEIZIWNL3GtdUT5NhUA/CMUCpZdDRolUXNAXEE/Vbpe6qlGLpfThtY5NwXq8Hi4nJy4YfPh+TwAg==",
      "cpu": [
        "arm64"
      ],
      "optional": true,
      "os": [
        "freebsd"
      ],
      "engines": {
        "node": ">=12"
      }
    },
    "node_modules/@esbuild/freebsd-x64": {
      "version": "0.21.4",
      "resolved": "https://registry.npmjs.org/@esbuild/freebsd-x64/-/freebsd-x64-0.21.4.tgz",
      "integrity": "sha512-8d9y9eQhxv4ef7JmXny7591P/PYsDFc4+STaxC1GBv0tMyCdyWfXu2jBuqRsyhY8uL2HU8uPyscgE2KxCY9imQ==",
      "cpu": [
        "x64"
      ],
      "optional": true,
      "os": [
        "freebsd"
      ],
      "engines": {
        "node": ">=12"
      }
    },
    "node_modules/@esbuild/linux-arm": {
      "version": "0.21.4",
      "resolved": "https://registry.npmjs.org/@esbuild/linux-arm/-/linux-arm-0.21.4.tgz",
      "integrity": "sha512-2rqFFefpYmpMs+FWjkzSgXg5vViocqpq5a1PSRgT0AvSgxoXmGF17qfGAzKedg6wAwyM7UltrKVo9kxaJLMF/g==",
      "cpu": [
        "arm"
      ],
      "optional": true,
      "os": [
        "linux"
      ],
      "engines": {
        "node": ">=12"
      }
    },
    "node_modules/@esbuild/linux-arm64": {
      "version": "0.21.4",
      "resolved": "https://registry.npmjs.org/@esbuild/linux-arm64/-/linux-arm64-0.21.4.tgz",
      "integrity": "sha512-/GLD2orjNU50v9PcxNpYZi+y8dJ7e7/LhQukN3S4jNDXCKkyyiyAz9zDw3siZ7Eh1tRcnCHAo/WcqKMzmi4eMQ==",
      "cpu": [
        "arm64"
      ],
      "optional": true,
      "os": [
        "linux"
      ],
      "engines": {
        "node": ">=12"
      }
    },
    "node_modules/@esbuild/linux-ia32": {
      "version": "0.21.4",
      "resolved": "https://registry.npmjs.org/@esbuild/linux-ia32/-/linux-ia32-0.21.4.tgz",
      "integrity": "sha512-pNftBl7m/tFG3t2m/tSjuYeWIffzwAZT9m08+9DPLizxVOsUl8DdFzn9HvJrTQwe3wvJnwTdl92AonY36w/25g==",
      "cpu": [
        "ia32"
      ],
      "optional": true,
      "os": [
        "linux"
      ],
      "engines": {
        "node": ">=12"
      }
    },
    "node_modules/@esbuild/linux-loong64": {
      "version": "0.21.4",
      "resolved": "https://registry.npmjs.org/@esbuild/linux-loong64/-/linux-loong64-0.21.4.tgz",
      "integrity": "sha512-cSD2gzCK5LuVX+hszzXQzlWya6c7hilO71L9h4KHwqI4qeqZ57bAtkgcC2YioXjsbfAv4lPn3qe3b00Zt+jIfQ==",
      "cpu": [
        "loong64"
      ],
      "optional": true,
      "os": [
        "linux"
      ],
      "engines": {
        "node": ">=12"
      }
    },
    "node_modules/@esbuild/linux-mips64el": {
      "version": "0.21.4",
      "resolved": "https://registry.npmjs.org/@esbuild/linux-mips64el/-/linux-mips64el-0.21.4.tgz",
      "integrity": "sha512-qtzAd3BJh7UdbiXCrg6npWLYU0YpufsV9XlufKhMhYMJGJCdfX/G6+PNd0+v877X1JG5VmjBLUiFB0o8EUSicA==",
      "cpu": [
        "mips64el"
      ],
      "optional": true,
      "os": [
        "linux"
      ],
      "engines": {
        "node": ">=12"
      }
    },
    "node_modules/@esbuild/linux-ppc64": {
      "version": "0.21.4",
      "resolved": "https://registry.npmjs.org/@esbuild/linux-ppc64/-/linux-ppc64-0.21.4.tgz",
      "integrity": "sha512-yB8AYzOTaL0D5+2a4xEy7OVvbcypvDR05MsB/VVPVA7nL4hc5w5Dyd/ddnayStDgJE59fAgNEOdLhBxjfx5+dg==",
      "cpu": [
        "ppc64"
      ],
      "optional": true,
      "os": [
        "linux"
      ],
      "engines": {
        "node": ">=12"
      }
    },
    "node_modules/@esbuild/linux-riscv64": {
      "version": "0.21.4",
      "resolved": "https://registry.npmjs.org/@esbuild/linux-riscv64/-/linux-riscv64-0.21.4.tgz",
      "integrity": "sha512-Y5AgOuVzPjQdgU59ramLoqSSiXddu7F3F+LI5hYy/d1UHN7K5oLzYBDZe23QmQJ9PIVUXwOdKJ/jZahPdxzm9w==",
      "cpu": [
        "riscv64"
      ],
      "optional": true,
      "os": [
        "linux"
      ],
      "engines": {
        "node": ">=12"
      }
    },
    "node_modules/@esbuild/linux-s390x": {
      "version": "0.21.4",
      "resolved": "https://registry.npmjs.org/@esbuild/linux-s390x/-/linux-s390x-0.21.4.tgz",
      "integrity": "sha512-Iqc/l/FFwtt8FoTK9riYv9zQNms7B8u+vAI/rxKuN10HgQIXaPzKZc479lZ0x6+vKVQbu55GdpYpeNWzjOhgbA==",
      "cpu": [
        "s390x"
      ],
      "optional": true,
      "os": [
        "linux"
      ],
      "engines": {
        "node": ">=12"
      }
    },
    "node_modules/@esbuild/linux-x64": {
      "version": "0.21.4",
      "resolved": "https://registry.npmjs.org/@esbuild/linux-x64/-/linux-x64-0.21.4.tgz",
      "integrity": "sha512-Td9jv782UMAFsuLZINfUpoF5mZIbAj+jv1YVtE58rFtfvoKRiKSkRGQfHTgKamLVT/fO7203bHa3wU122V/Bdg==",
      "cpu": [
        "x64"
      ],
      "optional": true,
      "os": [
        "linux"
      ],
      "engines": {
        "node": ">=12"
      }
    },
    "node_modules/@esbuild/netbsd-x64": {
      "version": "0.21.4",
      "resolved": "https://registry.npmjs.org/@esbuild/netbsd-x64/-/netbsd-x64-0.21.4.tgz",
      "integrity": "sha512-Awn38oSXxsPMQxaV0Ipb7W/gxZtk5Tx3+W+rAPdZkyEhQ6968r9NvtkjhnhbEgWXYbgV+JEONJ6PcdBS+nlcpA==",
      "cpu": [
        "x64"
      ],
      "optional": true,
      "os": [
        "netbsd"
      ],
      "engines": {
        "node": ">=12"
      }
    },
    "node_modules/@esbuild/openbsd-x64": {
      "version": "0.21.4",
      "resolved": "https://registry.npmjs.org/@esbuild/openbsd-x64/-/openbsd-x64-0.21.4.tgz",
      "integrity": "sha512-IsUmQeCY0aU374R82fxIPu6vkOybWIMc3hVGZ3ChRwL9hA1TwY+tS0lgFWV5+F1+1ssuvvXt3HFqe8roCip8Hg==",
      "cpu": [
        "x64"
      ],
      "optional": true,
      "os": [
        "openbsd"
      ],
      "engines": {
        "node": ">=12"
      }
    },
    "node_modules/@esbuild/sunos-x64": {
      "version": "0.21.4",
      "resolved": "https://registry.npmjs.org/@esbuild/sunos-x64/-/sunos-x64-0.21.4.tgz",
      "integrity": "sha512-hsKhgZ4teLUaDA6FG/QIu2q0rI6I36tZVfM4DBZv3BG0mkMIdEnMbhc4xwLvLJSS22uWmaVkFkqWgIS0gPIm+A==",
      "cpu": [
        "x64"
      ],
      "optional": true,
      "os": [
        "sunos"
      ],
      "engines": {
        "node": ">=12"
      }
    },
    "node_modules/@esbuild/win32-arm64": {
      "version": "0.21.4",
      "resolved": "https://registry.npmjs.org/@esbuild/win32-arm64/-/win32-arm64-0.21.4.tgz",
      "integrity": "sha512-UUfMgMoXPoA/bvGUNfUBFLCh0gt9dxZYIx9W4rfJr7+hKe5jxxHmfOK8YSH4qsHLLN4Ck8JZ+v7Q5fIm1huErg==",
      "cpu": [
        "arm64"
      ],
      "optional": true,
      "os": [
        "win32"
      ],
      "engines": {
        "node": ">=12"
      }
    },
    "node_modules/@esbuild/win32-ia32": {
      "version": "0.21.4",
      "resolved": "https://registry.npmjs.org/@esbuild/win32-ia32/-/win32-ia32-0.21.4.tgz",
      "integrity": "sha512-yIxbspZb5kGCAHWm8dexALQ9en1IYDfErzjSEq1KzXFniHv019VT3mNtTK7t8qdy4TwT6QYHI9sEZabONHg+aw==",
      "cpu": [
        "ia32"
      ],
      "optional": true,
      "os": [
        "win32"
      ],
      "engines": {
        "node": ">=12"
      }
    },
    "node_modules/@esbuild/win32-x64": {
      "version": "0.21.4",
      "resolved": "https://registry.npmjs.org/@esbuild/win32-x64/-/win32-x64-0.21.4.tgz",
      "integrity": "sha512-sywLRD3UK/qRJt0oBwdpYLBibk7KiRfbswmWRDabuncQYSlf8aLEEUor/oP6KRz8KEG+HoiVLBhPRD5JWjS8Sg==",
      "cpu": [
        "x64"
      ],
      "optional": true,
      "os": [
        "win32"
      ],
      "engines": {
        "node": ">=12"
      }
    },
    "node_modules/@jridgewell/gen-mapping": {
      "version": "0.3.5",
      "resolved": "https://registry.npmjs.org/@jridgewell/gen-mapping/-/gen-mapping-0.3.5.tgz",
      "integrity": "sha512-IzL8ZoEDIBRWEzlCcRhOaCupYyN5gdIK+Q6fbFdPDg6HqX6jpkItn7DFIpW9LQzXG6Df9sA7+OKnq0qlz/GaQg==",
      "dependencies": {
        "@jridgewell/set-array": "^1.2.1",
        "@jridgewell/sourcemap-codec": "^1.4.10",
        "@jridgewell/trace-mapping": "^0.3.24"
      },
      "engines": {
        "node": ">=6.0.0"
      }
    },
    "node_modules/@jridgewell/resolve-uri": {
      "version": "3.1.2",
      "resolved": "https://registry.npmjs.org/@jridgewell/resolve-uri/-/resolve-uri-3.1.2.tgz",
      "integrity": "sha512-bRISgCIjP20/tbWSPWMEi54QVPRZExkuD9lJL+UIxUKtwVJA8wW1Trb1jMs1RFXo1CBTNZ/5hpC9QvmKWdopKw==",
      "engines": {
        "node": ">=6.0.0"
      }
    },
    "node_modules/@jridgewell/set-array": {
      "version": "1.2.1",
      "resolved": "https://registry.npmjs.org/@jridgewell/set-array/-/set-array-1.2.1.tgz",
      "integrity": "sha512-R8gLRTZeyp03ymzP/6Lil/28tGeGEzhx1q2k703KGWRAI1VdvPIXdG70VJc2pAMw3NA6JKL5hhFu1sJX0Mnn/A==",
      "engines": {
        "node": ">=6.0.0"
      }
    },
    "node_modules/@jridgewell/source-map": {
      "version": "0.3.6",
      "resolved": "https://registry.npmjs.org/@jridgewell/source-map/-/source-map-0.3.6.tgz",
      "integrity": "sha512-1ZJTZebgqllO79ue2bm3rIGud/bOe0pP5BjSRCRxxYkEZS8STV7zN84UBbiYu7jy+eCKSnVIUgoWWE/tt+shMQ==",
      "dependencies": {
        "@jridgewell/gen-mapping": "^0.3.5",
        "@jridgewell/trace-mapping": "^0.3.25"
      }
    },
    "node_modules/@jridgewell/sourcemap-codec": {
      "version": "1.4.15",
      "resolved": "https://registry.npmjs.org/@jridgewell/sourcemap-codec/-/sourcemap-codec-1.4.15.tgz",
      "integrity": "sha512-eF2rxCRulEKXHTRiDrDy6erMYWqNw4LPdQ8UQA4huuxaQsVeRPFl2oM8oDGxMFhJUWZf9McpLtJasDDZb/Bpeg=="
    },
    "node_modules/@jridgewell/trace-mapping": {
      "version": "0.3.25",
      "resolved": "https://registry.npmjs.org/@jridgewell/trace-mapping/-/trace-mapping-0.3.25.tgz",
      "integrity": "sha512-vNk6aEwybGtawWmy/PzwnGDOjCkLWSD2wqvjGGAgOAwCGWySYXfYoxt00IJkTF+8Lb57DwOb3Aa0o9CApepiYQ==",
      "dependencies": {
        "@jridgewell/resolve-uri": "^3.1.0",
        "@jridgewell/sourcemap-codec": "^1.4.14"
      }
    },
    "node_modules/acorn": {
      "version": "8.11.3",
      "resolved": "https://registry.npmjs.org/acorn/-/acorn-8.11.3.tgz",
      "integrity": "sha512-Y9rRfJG5jcKOE0CLisYbojUjIrIEE7AGMzA/Sm4BslANhbS+cDMpgBdcPT91oJ7OuJ9hYJBx59RjbhxVnrF8Xg==",
      "bin": {
        "acorn": "bin/acorn"
      },
      "engines": {
        "node": ">=0.4.0"
      }
    },
    "node_modules/ansi-regex": {
      "version": "6.0.1",
      "resolved": "https://registry.npmjs.org/ansi-regex/-/ansi-regex-6.0.1.tgz",
      "integrity": "sha512-n5M855fKb2SsfMIiFFoVrABHJC8QtHwVx+mHWP3QcEqBHYienj5dHSgjbxtC0WEZXYt4wcD6zrQElDPhFuZgfA==",
      "engines": {
        "node": ">=12"
      },
      "funding": {
        "url": "https://github.com/chalk/ansi-regex?sponsor=1"
      }
    },
    "node_modules/binaryen": {
      "version": "116.0.0",
      "resolved": "https://registry.npmjs.org/binaryen/-/binaryen-116.0.0.tgz",
      "integrity": "sha512-Hp0dXC6Cb/rTwWEoUS2BRghObE7g/S9umKtxuTDt3f61G6fNTE/YVew/ezyy3IdHcLx3f17qfh6LwETgCfvWkQ==",
      "bin": {
        "wasm-opt": "bin/wasm-opt",
        "wasm2js": "bin/wasm2js"
      }
    },
    "node_modules/buffer-from": {
      "version": "1.1.2",
      "resolved": "https://registry.npmjs.org/buffer-from/-/buffer-from-1.1.2.tgz",
      "integrity": "sha512-E+XQCRwSbaaiChtv6k6Dwgc+bx+Bs6vuKJHHl5kox/BaKbhiXzqQOwK4cO22yElGp2OCmjwVhT3HmxgyPGnJfQ=="
    },
    "node_modules/chalk": {
      "version": "5.3.0",
      "resolved": "https://registry.npmjs.org/chalk/-/chalk-5.3.0.tgz",
      "integrity": "sha512-dLitG79d+GV1Nb/VYcCDFivJeK1hiukt9QjRNVOsUtTy1rR1YJsmpGGTZ3qJos+uw7WmWF4wUwBd9jxjocFC2w==",
      "engines": {
        "node": "^12.17.0 || ^14.13 || >=16.0.0"
      },
      "funding": {
        "url": "https://github.com/chalk/chalk?sponsor=1"
      }
    },
    "node_modules/chalk-template": {
      "version": "1.1.0",
      "resolved": "https://registry.npmjs.org/chalk-template/-/chalk-template-1.1.0.tgz",
      "integrity": "sha512-T2VJbcDuZQ0Tb2EWwSotMPJjgpy1/tGee1BTpUNsGZ/qgNjV2t7Mvu+d4600U564nbLesN1x2dPL+xii174Ekg==",
      "dependencies": {
        "chalk": "^5.2.0"
      },
      "engines": {
        "node": ">=14.16"
      },
      "funding": {
        "url": "https://github.com/chalk/chalk-template?sponsor=1"
      }
    },
    "node_modules/cli-cursor": {
      "version": "4.0.0",
      "resolved": "https://registry.npmjs.org/cli-cursor/-/cli-cursor-4.0.0.tgz",
      "integrity": "sha512-VGtlMu3x/4DOtIUwEkRezxUZ2lBacNJCHash0N0WeZDBS+7Ux1dm3XWAgWYxLJFMMdOeXMHXorshEFhbMSGelg==",
      "dependencies": {
        "restore-cursor": "^4.0.0"
      },
      "engines": {
        "node": "^12.20.0 || ^14.13.1 || >=16.0.0"
      },
      "funding": {
        "url": "https://github.com/sponsors/sindresorhus"
      }
    },
    "node_modules/cli-spinners": {
      "version": "2.9.2",
      "resolved": "https://registry.npmjs.org/cli-spinners/-/cli-spinners-2.9.2.tgz",
      "integrity": "sha512-ywqV+5MmyL4E7ybXgKys4DugZbX0FC6LnwrhjuykIjnK9k8OQacQ7axGKnjDXWNhns0xot3bZI5h55H8yo9cJg==",
      "engines": {
        "node": ">=6"
      },
      "funding": {
        "url": "https://github.com/sponsors/sindresorhus"
      }
    },
    "node_modules/commander": {
      "version": "12.1.0",
      "resolved": "https://registry.npmjs.org/commander/-/commander-12.1.0.tgz",
      "integrity": "sha512-Vw8qHK3bZM9y/P10u3Vib8o/DdkvA2OtPtZvD871QKjy74Wj1WSKFILMPRPSdUSx5RFK1arlJzEtA4PkFgnbuA==",
      "engines": {
        "node": ">=18"
      }
    },
    "node_modules/emoji-regex": {
      "version": "10.3.0",
      "resolved": "https://registry.npmjs.org/emoji-regex/-/emoji-regex-10.3.0.tgz",
      "integrity": "sha512-QpLs9D9v9kArv4lfDEgg1X/gN5XLnf/A6l9cs8SPZLRZR3ZkY9+kwIQTxm+fsSej5UMYGE8fdoaZVIBlqG0XTw=="
    },
    "node_modules/esbuild": {
      "version": "0.21.4",
      "resolved": "https://registry.npmjs.org/esbuild/-/esbuild-0.21.4.tgz",
      "integrity": "sha512-sFMcNNrj+Q0ZDolrp5pDhH0nRPN9hLIM3fRPwgbLYJeSHHgnXSnbV3xYgSVuOeLWH9c73VwmEverVzupIv5xuA==",
      "hasInstallScript": true,
      "bin": {
        "esbuild": "bin/esbuild"
      },
      "engines": {
        "node": ">=12"
      },
      "optionalDependencies": {
        "@esbuild/aix-ppc64": "0.21.4",
        "@esbuild/android-arm": "0.21.4",
        "@esbuild/android-arm64": "0.21.4",
        "@esbuild/android-x64": "0.21.4",
        "@esbuild/darwin-arm64": "0.21.4",
        "@esbuild/darwin-x64": "0.21.4",
        "@esbuild/freebsd-arm64": "0.21.4",
        "@esbuild/freebsd-x64": "0.21.4",
        "@esbuild/linux-arm": "0.21.4",
        "@esbuild/linux-arm64": "0.21.4",
        "@esbuild/linux-ia32": "0.21.4",
        "@esbuild/linux-loong64": "0.21.4",
        "@esbuild/linux-mips64el": "0.21.4",
        "@esbuild/linux-ppc64": "0.21.4",
        "@esbuild/linux-riscv64": "0.21.4",
        "@esbuild/linux-s390x": "0.21.4",
        "@esbuild/linux-x64": "0.21.4",
        "@esbuild/netbsd-x64": "0.21.4",
        "@esbuild/openbsd-x64": "0.21.4",
        "@esbuild/sunos-x64": "0.21.4",
        "@esbuild/win32-arm64": "0.21.4",
        "@esbuild/win32-ia32": "0.21.4",
        "@esbuild/win32-x64": "0.21.4"
      }
    },
    "node_modules/get-east-asian-width": {
      "version": "1.2.0",
      "resolved": "https://registry.npmjs.org/get-east-asian-width/-/get-east-asian-width-1.2.0.tgz",
      "integrity": "sha512-2nk+7SIVb14QrgXFHcm84tD4bKQz0RxPuMT8Ag5KPOq7J5fEmAg0UbXdTOSHqNuHSU28k55qnceesxXRZGzKWA==",
      "engines": {
        "node": ">=18"
      },
      "funding": {
        "url": "https://github.com/sponsors/sindresorhus"
      }
    },
    "node_modules/is-interactive": {
      "version": "2.0.0",
      "resolved": "https://registry.npmjs.org/is-interactive/-/is-interactive-2.0.0.tgz",
      "integrity": "sha512-qP1vozQRI+BMOPcjFzrjXuQvdak2pHNUMZoeG2eRbiSqyvbEf/wQtEOTOX1guk6E3t36RkaqiSt8A/6YElNxLQ==",
      "engines": {
        "node": ">=12"
      },
      "funding": {
        "url": "https://github.com/sponsors/sindresorhus"
      }
    },
    "node_modules/is-unicode-supported": {
      "version": "2.0.0",
      "resolved": "https://registry.npmjs.org/is-unicode-supported/-/is-unicode-supported-2.0.0.tgz",
      "integrity": "sha512-FRdAyx5lusK1iHG0TWpVtk9+1i+GjrzRffhDg4ovQ7mcidMQ6mj+MhKPmvh7Xwyv5gIS06ns49CA7Sqg7lC22Q==",
      "engines": {
        "node": ">=18"
      },
      "funding": {
        "url": "https://github.com/sponsors/sindresorhus"
      }
    },
    "node_modules/log-symbols": {
      "version": "6.0.0",
      "resolved": "https://registry.npmjs.org/log-symbols/-/log-symbols-6.0.0.tgz",
      "integrity": "sha512-i24m8rpwhmPIS4zscNzK6MSEhk0DUWa/8iYQWxhffV8jkI4Phvs3F+quL5xvS0gdQR0FyTCMMH33Y78dDTzzIw==",
      "dependencies": {
        "chalk": "^5.3.0",
        "is-unicode-supported": "^1.3.0"
      },
      "engines": {
        "node": ">=18"
      },
      "funding": {
        "url": "https://github.com/sponsors/sindresorhus"
      }
    },
    "node_modules/log-symbols/node_modules/is-unicode-supported": {
      "version": "1.3.0",
      "resolved": "https://registry.npmjs.org/is-unicode-supported/-/is-unicode-supported-1.3.0.tgz",
      "integrity": "sha512-43r2mRvz+8JRIKnWJ+3j8JtjRKZ6GmjzfaE/qiBJnikNnYv/6bagRJ1kUhNk8R5EX/GkobD+r+sfxCPJsiKBLQ==",
      "engines": {
        "node": ">=12"
      },
      "funding": {
        "url": "https://github.com/sponsors/sindresorhus"
      }
    },
    "node_modules/mimic-fn": {
      "version": "2.1.0",
      "resolved": "https://registry.npmjs.org/mimic-fn/-/mimic-fn-2.1.0.tgz",
      "integrity": "sha512-OqbOk5oEQeAZ8WXWydlu9HJjz9WVdEIvamMCcXmuqUYjTknH/sqsWvhQ3vgwKFRR1HpjvNBKQ37nbJgYzGqGcg==",
      "engines": {
        "node": ">=6"
      }
    },
    "node_modules/mkdirp": {
      "version": "3.0.1",
      "resolved": "https://registry.npmjs.org/mkdirp/-/mkdirp-3.0.1.tgz",
      "integrity": "sha512-+NsyUUAZDmo6YVHzL/stxSu3t9YS1iljliy3BSDrXJ/dkn1KYdmtZODGGjLcc9XLgVVpH4KshHB8XmZgMhaBXg==",
      "bin": {
        "mkdirp": "dist/cjs/src/bin.js"
      },
      "engines": {
        "node": ">=10"
      },
      "funding": {
        "url": "https://github.com/sponsors/isaacs"
      }
    },
    "node_modules/onetime": {
      "version": "5.1.2",
      "resolved": "https://registry.npmjs.org/onetime/-/onetime-5.1.2.tgz",
      "integrity": "sha512-kbpaSSGJTWdAY5KPVeMOKXSrPtr8C8C7wodJbcsd51jRnmD+GZu8Y0VoU6Dm5Z4vWr0Ig/1NKuWRKf7j5aaYSg==",
      "dependencies": {
        "mimic-fn": "^2.1.0"
      },
      "engines": {
        "node": ">=6"
      },
      "funding": {
        "url": "https://github.com/sponsors/sindresorhus"
      }
    },
    "node_modules/ora": {
      "version": "8.0.1",
      "resolved": "https://registry.npmjs.org/ora/-/ora-8.0.1.tgz",
      "integrity": "sha512-ANIvzobt1rls2BDny5fWZ3ZVKyD6nscLvfFRpQgfWsythlcsVUC9kL0zq6j2Z5z9wwp1kd7wpsD/T9qNPVLCaQ==",
      "dependencies": {
        "chalk": "^5.3.0",
        "cli-cursor": "^4.0.0",
        "cli-spinners": "^2.9.2",
        "is-interactive": "^2.0.0",
        "is-unicode-supported": "^2.0.0",
        "log-symbols": "^6.0.0",
        "stdin-discarder": "^0.2.1",
        "string-width": "^7.0.0",
        "strip-ansi": "^7.1.0"
      },
      "engines": {
        "node": ">=18"
      },
      "funding": {
        "url": "https://github.com/sponsors/sindresorhus"
      }
    },
    "node_modules/restore-cursor": {
      "version": "4.0.0",
      "resolved": "https://registry.npmjs.org/restore-cursor/-/restore-cursor-4.0.0.tgz",
      "integrity": "sha512-I9fPXU9geO9bHOt9pHHOhOkYerIMsmVaWB0rA2AI9ERh/+x/i7MV5HKBNrg+ljO5eoPVgCcnFuRjJ9uH6I/3eg==",
      "dependencies": {
        "onetime": "^5.1.0",
        "signal-exit": "^3.0.2"
      },
      "engines": {
        "node": "^12.20.0 || ^14.13.1 || >=16.0.0"
      },
      "funding": {
        "url": "https://github.com/sponsors/sindresorhus"
      }
    },
    "node_modules/signal-exit": {
      "version": "3.0.7",
      "resolved": "https://registry.npmjs.org/signal-exit/-/signal-exit-3.0.7.tgz",
      "integrity": "sha512-wnD2ZE+l+SPC/uoS0vXeE9L1+0wuaMqKlfz9AMUo38JsyLSBWSFcHR1Rri62LZc12vLr1gb3jl7iwQhgwpAbGQ=="
    },
    "node_modules/source-map": {
      "version": "0.6.1",
      "resolved": "https://registry.npmjs.org/source-map/-/source-map-0.6.1.tgz",
      "integrity": "sha512-UjgapumWlbMhkBgzT7Ykc5YXUT46F0iKu8SGXq0bcwP5dz/h0Plj6enJqjz1Zbq2l5WaqYnrVbwWOWMyF3F47g==",
      "engines": {
        "node": ">=0.10.0"
      }
    },
    "node_modules/source-map-support": {
      "version": "0.5.21",
      "resolved": "https://registry.npmjs.org/source-map-support/-/source-map-support-0.5.21.tgz",
      "integrity": "sha512-uBHU3L3czsIyYXKX88fdrGovxdSCoTGDRZ6SYXtSRxLZUzHg5P/66Ht6uoUlHu9EZod+inXhKo3qQgwXUT/y1w==",
      "dependencies": {
        "buffer-from": "^1.0.0",
        "source-map": "^0.6.0"
      }
    },
    "node_modules/stdin-discarder": {
      "version": "0.2.2",
      "resolved": "https://registry.npmjs.org/stdin-discarder/-/stdin-discarder-0.2.2.tgz",
      "integrity": "sha512-UhDfHmA92YAlNnCfhmq0VeNL5bDbiZGg7sZ2IvPsXubGkiNa9EC+tUTsjBRsYUAz87btI6/1wf4XoVvQ3uRnmQ==",
      "engines": {
        "node": ">=18"
      },
      "funding": {
        "url": "https://github.com/sponsors/sindresorhus"
      }
    },
    "node_modules/string-width": {
      "version": "7.1.0",
      "resolved": "https://registry.npmjs.org/string-width/-/string-width-7.1.0.tgz",
      "integrity": "sha512-SEIJCWiX7Kg4c129n48aDRwLbFb2LJmXXFrWBG4NGaRtMQ3myKPKbwrD1BKqQn74oCoNMBVrfDEr5M9YxCsrkw==",
      "dependencies": {
        "emoji-regex": "^10.3.0",
        "get-east-asian-width": "^1.0.0",
        "strip-ansi": "^7.1.0"
      },
      "engines": {
        "node": ">=18"
      },
      "funding": {
        "url": "https://github.com/sponsors/sindresorhus"
      }
    },
    "node_modules/strip-ansi": {
      "version": "7.1.0",
      "resolved": "https://registry.npmjs.org/strip-ansi/-/strip-ansi-7.1.0.tgz",
      "integrity": "sha512-iq6eVVI64nQQTRYq2KtEg2d2uU7LElhTJwsH4YzIHZshxlgZms/wIc4VoDQTlG/IvVIrBKG06CrZnp0qv7hkcQ==",
      "dependencies": {
        "ansi-regex": "^6.0.1"
      },
      "engines": {
        "node": ">=12"
      },
      "funding": {
        "url": "https://github.com/chalk/strip-ansi?sponsor=1"
      }
    },
    "node_modules/terser": {
      "version": "5.31.1",
      "resolved": "https://registry.npmjs.org/terser/-/terser-5.31.1.tgz",
      "integrity": "sha512-37upzU1+viGvuFtBo9NPufCb9dwM0+l9hMxYyWfBA+fbwrPqNJAhbZ6W47bBFnZHKHTUBnMvi87434qq+qnxOg==",
      "dependencies": {
        "@jridgewell/source-map": "^0.3.3",
        "acorn": "^8.8.2",
        "commander": "^2.20.0",
        "source-map-support": "~0.5.20"
      },
      "bin": {
        "terser": "bin/terser"
      },
      "engines": {
        "node": ">=10"
      }
    },
    "node_modules/terser/node_modules/commander": {
      "version": "2.20.3",
      "resolved": "https://registry.npmjs.org/commander/-/commander-2.20.3.tgz",
      "integrity": "sha512-GpVkmM8vF2vQUkj2LvZmD35JxeJOLCwJ9cUkugyk2nuhbv3+mJvpLYYt+0+USMxE+oj+ey/lJEnhZw75x/OMcQ=="
    },
    "node_modules/typescript": {
      "version": "5.4.5",
      "resolved": "https://registry.npmjs.org/typescript/-/typescript-5.4.5.tgz",
      "integrity": "sha512-vcI4UpRgg81oIRUFwR0WSIHKt11nJ7SAVlYNIu+QpqeyXP+gpQJy/Z4+F0aGxSE4MqwjyXvW/TzgkLAx2AGHwQ==",
      "bin": {
        "tsc": "bin/tsc",
        "tsserver": "bin/tsserver"
      },
      "engines": {
        "node": ">=14.17"
      }
    }
  }
}
